
Microsoft Visual Studio Solution File, Format Version 12.00
# Visual Studio Version 16
VisualStudioVersion = 16.0.32602.291
MinimumVisualStudioVersion = 10.0.40219.1
Project("{9A19103F-16F7-4668-BE54-9A1E7A4F7556}") = "PokemonApp", "PokemonApp\PokemonApp.csproj", "{76554205-38EA-41FA-A349-3D4BA2044560}"
EndProject
Global
	GlobalSection(SolutionConfigurationPlatforms) = preSolution
		Debug|Any CPU = Debug|Any CPU
		Release|Any CPU = Release|Any CPU
	EndGlobalSection
	GlobalSection(ProjectConfigurationPlatforms) = postSolution
		{76554205-38EA-41FA-A349-3D4BA2044560}.Debug|Any CPU.ActiveCfg = Debug|Any CPU
		{76554205-38EA-41FA-A349-3D4BA2044560}.Debug|Any CPU.Build.0 = Debug|Any CPU
		{76554205-38EA-41FA-A349-3D4BA2044560}.Release|Any CPU.ActiveCfg = Release|Any CPU
		{76554205-38EA-41FA-A349-3D4BA2044560}.Release|Any CPU.Build.0 = Release|Any CPU
	EndGlobalSection
	GlobalSection(SolutionProperties) = preSolution
		HideSolutionNode = FALSE
	EndGlobalSection
	GlobalSection(ExtensibilityGlobals) = postSolution
		SolutionGuid = {3F7556C0-0532-4BE5-8C99-3F8A1ABC1AF6}
	EndGlobalSection
EndGlobal
